
Microsoft Visual Studio Solution File, Format Version 12.00
# Visual Studio Version 17
VisualStudioVersion = 17.5.002.0
MinimumVisualStudioVersion = 10.0.40219.1
Project("{2150E333-8FDC-42A3-9474-1A3956D46DE8}") = "csharp", "csharp", "{CFF3BA12-D46A-4F04-B590-AF083C3D6A57}"
EndProject
Project("{9A19103F-16F7-4668-BE54-9A1E7A4F7556}") = "PalindromeNumber", "csharp\PalindromeNumber\PalindromeNumber.csproj", "{C0FF0CE7-DAFB-4D75-A4A2-A484DCED5FC0}"
EndProject
Global
	GlobalSection(SolutionConfigurationPlatforms) = preSolution
		Debug|Any CPU = Debug|Any CPU
		Release|Any CPU = Release|Any CPU
	EndGlobalSection
	GlobalSection(ProjectConfigurationPlatforms) = postSolution
		{C0FF0CE7-DAFB-4D75-A4A2-A484DCED5FC0}.Debug|Any CPU.ActiveCfg = Debug|Any CPU
		{C0FF0CE7-DAFB-4D75-A4A2-A484DCED5FC0}.Debug|Any CPU.Build.0 = Debug|Any CPU
		{C0FF0CE7-DAFB-4D75-A4A2-A484DCED5FC0}.Release|Any CPU.ActiveCfg = Release|Any CPU
		{C0FF0CE7-DAFB-4D75-A4A2-A484DCED5FC0}.Release|Any CPU.Build.0 = Release|Any CPU
	EndGlobalSection
	GlobalSection(SolutionProperties) = preSolution
		HideSolutionNode = FALSE
	EndGlobalSection
	GlobalSection(NestedProjects) = preSolution
		{C0FF0CE7-DAFB-4D75-A4A2-A484DCED5FC0} = {CFF3BA12-D46A-4F04-B590-AF083C3D6A57}
	EndGlobalSection
	GlobalSection(ExtensibilityGlobals) = postSolution
		SolutionGuid = {36BED5C1-A765-406A-8D70-8D5EFE8C4CDB}
	EndGlobalSection
EndGlobal
